{
  "name": "apiops-cycles-method-data",
  "version": "1.0.0",
  "lockfileVersion": 3,
  "requires": true,
  "packages": {
    "": {
      "name": "apiops-cycles-method-data",
      "version": "1.0.0",
      "license": "Apache-2.0",
      "devDependencies": {
        "ajv": "^8.12.0"
      }
    }
  }
}
